{
	"requires": true,
	"lockfileVersion": 1,
	"dependencies": {
		"polished": {
			"version": "1.9.0",
			"resolved": "https://registry.npmjs.org/polished/-/polished-1.9.0.tgz",
			"integrity": "sha512-xCteonGa+5eDt2lcbVg0jzh7GLRoejljfh0bP3XBymCHz1uAsi1IjW5T0XrDGRbUzb/f7vXUS+Tz2Ipw3S/w8A=="
		},
		"ramda": {
			"version": "0.25.0",
			"resolved": "https://registry.npmjs.org/ramda/-/ramda-0.25.0.tgz",
			"integrity": "sha512-GXpfrYVPwx3K7RQ6aYT8KPS8XViSXUVJT1ONhoKPE9VAleW42YE+U+8VEyGWt41EnEQW7gwecYJriTI0pKoecQ=="
		},
		"react-onclickoutside": {
			"version": "6.7.1",
			"resolved": "https://registry.npmjs.org/react-onclickoutside/-/react-onclickoutside-6.7.1.tgz",
			"integrity": "sha512-p84kBqGaMoa7VYT0vZ/aOYRfJB+gw34yjpda1Z5KeLflg70HipZOT+MXQenEhdkPAABuE2Astq4zEPdMqUQxcg=="
		}
	}
}
