{
  "name": "blockchain-info-components",
  "version": "0.0.1",
  "lockfileVersion": 1,
  "requires": true,
  "dependencies": {
    "polished": {
      "version": "1.7.0",
      "resolved": "https://registry.npmjs.org/polished/-/polished-1.7.0.tgz",
      "integrity": "sha1-z8VRE/Uuns7HyE29DHCLmjI118M="
    }
  }
}
