# THIS IS AN AUTOGENERATED FILE. DO NOT EDIT THIS FILE DIRECTLY.
# yarn lockfile v1


polished@^1.9.0:
  version "1.9.2"
  resolved "https://registry.yarnpkg.com/polished/-/polished-1.9.2.tgz#d705cac66f3a3ed1bd38aad863e2c1e269baf6b6"

ramda@^0.25.0:
  version "0.25.0"
  resolved "https://registry.yarnpkg.com/ramda/-/ramda-0.25.0.tgz#8fdf68231cffa90bc2f9460390a0cb74a29b29a9"

react-onclickoutside@^6.7.1:
  version "6.7.1"
  resolved "https://registry.yarnpkg.com/react-onclickoutside/-/react-onclickoutside-6.7.1.tgz#6a5b5b8b4eae6b776259712c89c8a2b36b17be93"
